
Microsoft Visual Studio Solution File, Format Version 12.00
# Visual Studio Version 16
VisualStudioVersion = 16.0.32002.261
MinimumVisualStudioVersion = 10.0.40219.1
Project("{8BC9CEB8-8B4A-11D0-8D11-00A0C91BC942}") = "ParProg3.2", "ParProg3.2\ParProg3.2.vcxproj", "{7E947184-FCF3-4271-93A6-53502D573F80}"
EndProject
Project("{8BC9CEB8-8B4A-11D0-8D11-00A0C91BC942}") = "ParProg3.4", "ParProg3.4\ParProg3.4.vcxproj", "{30F864D4-6048-4EB6-86C1-8C4B904DEA57}"
EndProject
Project("{8BC9CEB8-8B4A-11D0-8D11-00A0C91BC942}") = "ParProg3.6", "ParProg3.6\ParProg3.6.vcxproj", "{BB0ED17C-1525-4F69-BE05-6C6FBEB21B7C}"
EndProject
Global
	GlobalSection(SolutionConfigurationPlatforms) = preSolution
		Debug|x64 = Debug|x64
		Debug|x86 = Debug|x86
		Release|x64 = Release|x64
		Release|x86 = Release|x86
	EndGlobalSection
	GlobalSection(ProjectConfigurationPlatforms) = postSolution
		{7E947184-FCF3-4271-93A6-53502D573F80}.Debug|x64.ActiveCfg = Debug|x64
		{7E947184-FCF3-4271-93A6-53502D573F80}.Debug|x64.Build.0 = Debug|x64
		{7E947184-FCF3-4271-93A6-53502D573F80}.Debug|x86.ActiveCfg = Debug|Win32
		{7E947184-FCF3-4271-93A6-53502D573F80}.Debug|x86.Build.0 = Debug|Win32
		{7E947184-FCF3-4271-93A6-53502D573F80}.Release|x64.ActiveCfg = Release|x64
		{7E947184-FCF3-4271-93A6-53502D573F80}.Release|x64.Build.0 = Release|x64
		{7E947184-FCF3-4271-93A6-53502D573F80}.Release|x86.ActiveCfg = Release|Win32
		{7E947184-FCF3-4271-93A6-53502D573F80}.Release|x86.Build.0 = Release|Win32
		{30F864D4-6048-4EB6-86C1-8C4B904DEA57}.Debug|x64.ActiveCfg = Debug|x64
		{30F864D4-6048-4EB6-86C1-8C4B904DEA57}.Debug|x64.Build.0 = Debug|x64
		{30F864D4-6048-4EB6-86C1-8C4B904DEA57}.Debug|x86.ActiveCfg = Debug|Win32
		{30F864D4-6048-4EB6-86C1-8C4B904DEA57}.Debug|x86.Build.0 = Debug|Win32
		{30F864D4-6048-4EB6-86C1-8C4B904DEA57}.Release|x64.ActiveCfg = Release|x64
		{30F864D4-6048-4EB6-86C1-8C4B904DEA57}.Release|x64.Build.0 = Release|x64
		{30F864D4-6048-4EB6-86C1-8C4B904DEA57}.Release|x86.ActiveCfg = Release|Win32
		{30F864D4-6048-4EB6-86C1-8C4B904DEA57}.Release|x86.Build.0 = Release|Win32
		{BB0ED17C-1525-4F69-BE05-6C6FBEB21B7C}.Debug|x64.ActiveCfg = Debug|x64
		{BB0ED17C-1525-4F69-BE05-6C6FBEB21B7C}.Debug|x64.Build.0 = Debug|x64
		{BB0ED17C-1525-4F69-BE05-6C6FBEB21B7C}.Debug|x86.ActiveCfg = Debug|Win32
		{BB0ED17C-1525-4F69-BE05-6C6FBEB21B7C}.Debug|x86.Build.0 = Debug|Win32
		{BB0ED17C-1525-4F69-BE05-6C6FBEB21B7C}.Release|x64.ActiveCfg = Release|x64
		{BB0ED17C-1525-4F69-BE05-6C6FBEB21B7C}.Release|x64.Build.0 = Release|x64
		{BB0ED17C-1525-4F69-BE05-6C6FBEB21B7C}.Release|x86.ActiveCfg = Release|Win32
		{BB0ED17C-1525-4F69-BE05-6C6FBEB21B7C}.Release|x86.Build.0 = Release|Win32
	EndGlobalSection
	GlobalSection(SolutionProperties) = preSolution
		HideSolutionNode = FALSE
	EndGlobalSection
	GlobalSection(ExtensibilityGlobals) = postSolution
		SolutionGuid = {561915F7-87BD-455A-8DD6-E3B149ACE723}
	EndGlobalSection
EndGlobal
